// !$*UTF8*$!
{
	archiveVersion = 1;
	classes = {
	};
	objectVersion = 50;
	objects = {

/* Begin PBXBuildFile section */
		1C2A7F24217DF23100AB4097 /* SwipableTableViewController.swift in Sources */ = {isa = PBXBuildFile; fileRef = 1C2A7F23217DF23100AB4097 /* SwipableTableViewController.swift */; };
		1C2A7F26217E0B6E00AB4097 /* TripTableViewController.swift in Sources */ = {isa = PBXBuildFile; fileRef = 1C2A7F25217E0B6E00AB4097 /* TripTableViewController.swift */; };
		1C2A7F2B217E0F3E00AB4097 /* PointOfInterest.swift in Sources */ = {isa = PBXBuildFile; fileRef = 1C2A7F2A217E0F3E00AB4097 /* PointOfInterest.swift */; };
		1C2A7F2D217E10AF00AB4097 /* Trip.swift in Sources */ = {isa = PBXBuildFile; fileRef = 1C2A7F2C217E10AF00AB4097 /* Trip.swift */; };
		1C2A7F31217E1CDB00AB4097 /* PointOfInterestTableViewController.swift in Sources */ = {isa = PBXBuildFile; fileRef = 1C2A7F30217E1CDB00AB4097 /* PointOfInterestTableViewController.swift */; };
		1C3639D5215D043900097C5C /* AppDelegate.swift in Sources */ = {isa = PBXBuildFile; fileRef = 1C3639D4215D043900097C5C /* AppDelegate.swift */; };
		1C3639D7215D043900097C5C /* MapViewController.swift in Sources */ = {isa = PBXBuildFile; fileRef = 1C3639D6215D043900097C5C /* MapViewController.swift */; };
		1C3639DA215D043900097C5C /* Main.storyboard in Resources */ = {isa = PBXBuildFile; fileRef = 1C3639D8215D043900097C5C /* Main.storyboard */; };
		1C3639DC215D043B00097C5C /* Assets.xcassets in Resources */ = {isa = PBXBuildFile; fileRef = 1C3639DB215D043B00097C5C /* Assets.xcassets */; };
		1C3639DF215D043B00097C5C /* LaunchScreen.storyboard in Resources */ = {isa = PBXBuildFile; fileRef = 1C3639DD215D043B00097C5C /* LaunchScreen.storyboard */; };
		1C3639EA215D043B00097C5C /* Point_of_InterestTests.swift in Sources */ = {isa = PBXBuildFile; fileRef = 1C3639E9215D043B00097C5C /* Point_of_InterestTests.swift */; };
		1C3639F5215D043B00097C5C /* Point_of_InterestUITests.swift in Sources */ = {isa = PBXBuildFile; fileRef = 1C3639F4215D043B00097C5C /* Point_of_InterestUITests.swift */; };
		1C363A03215D056200097C5C /* PublicArt.json in Resources */ = {isa = PBXBuildFile; fileRef = 1C363A02215D056200097C5C /* PublicArt.json */; };
		1C363A05215E56E100097C5C /* Artwork.swift in Sources */ = {isa = PBXBuildFile; fileRef = 1C363A04215E56E100097C5C /* Artwork.swift */; };
		46297D8287AAC0012DCE1088 /* Pods_Point_of_Interest.framework in Frameworks */ = {isa = PBXBuildFile; fileRef = 15684DCB966272B9A275403A /* Pods_Point_of_Interest.framework */; };
		47DFC2D5EBDF528897C9C50D /* Pods_Point_of_InterestTests.framework in Frameworks */ = {isa = PBXBuildFile; fileRef = A33ABF7D3B6442A619A97A05 /* Pods_Point_of_InterestTests.framework */; };
		6440D11A75C20D6E1ED29D8C /* Pods_Point_of_InterestUITests.framework in Frameworks */ = {isa = PBXBuildFile; fileRef = BBD8E3D8EC38EADAD7432D90 /* Pods_Point_of_InterestUITests.framework */; };
/* End PBXBuildFile section */

/* Begin PBXContainerItemProxy section */
		1C3639E6215D043B00097C5C /* PBXContainerItemProxy */ = {
			isa = PBXContainerItemProxy;
			containerPortal = 1C3639C9215D043900097C5C /* Project object */;
			proxyType = 1;
			remoteGlobalIDString = 1C3639D0215D043900097C5C;
			remoteInfo = "Point of Interest";
		};
		1C3639F1215D043B00097C5C /* PBXContainerItemProxy */ = {
			isa = PBXContainerItemProxy;
			containerPortal = 1C3639C9215D043900097C5C /* Project object */;
			proxyType = 1;
			remoteGlobalIDString = 1C3639D0215D043900097C5C;
			remoteInfo = "Point of Interest";
		};
/* End PBXContainerItemProxy section */

/* Begin PBXFileReference section */
		15684DCB966272B9A275403A /* Pods_Point_of_Interest.framework */ = {isa = PBXFileReference; explicitFileType = wrapper.framework; includeInIndex = 0; path = Pods_Point_of_Interest.framework; sourceTree = BUILT_PRODUCTS_DIR; };
		1C2A7F23217DF23100AB4097 /* SwipableTableViewController.swift */ = {isa = PBXFileReference; lastKnownFileType = sourcecode.swift; path = SwipableTableViewController.swift; sourceTree = "<group>"; };
		1C2A7F25217E0B6E00AB4097 /* TripTableViewController.swift */ = {isa = PBXFileReference; lastKnownFileType = sourcecode.swift; path = TripTableViewController.swift; sourceTree = "<group>"; };
		1C2A7F2A217E0F3E00AB4097 /* PointOfInterest.swift */ = {isa = PBXFileReference; lastKnownFileType = sourcecode.swift; path = PointOfInterest.swift; sourceTree = "<group>"; };
		1C2A7F2C217E10AF00AB4097 /* Trip.swift */ = {isa = PBXFileReference; lastKnownFileType = sourcecode.swift; path = Trip.swift; sourceTree = "<group>"; };
		1C2A7F30217E1CDB00AB4097 /* PointOfInterestTableViewController.swift */ = {isa = PBXFileReference; lastKnownFileType = sourcecode.swift; path = PointOfInterestTableViewController.swift; sourceTree = "<group>"; };
		1C3639D1215D043900097C5C /* Point of Interest.app */ = {isa = PBXFileReference; explicitFileType = wrapper.application; includeInIndex = 0; path = "Point of Interest.app"; sourceTree = BUILT_PRODUCTS_DIR; };
		1C3639D4215D043900097C5C /* AppDelegate.swift */ = {isa = PBXFileReference; lastKnownFileType = sourcecode.swift; path = AppDelegate.swift; sourceTree = "<group>"; };
		1C3639D6215D043900097C5C /* MapViewController.swift */ = {isa = PBXFileReference; lastKnownFileType = sourcecode.swift; path = MapViewController.swift; sourceTree = "<group>"; };
		1C3639D9215D043900097C5C /* Base */ = {isa = PBXFileReference; lastKnownFileType = file.storyboard; name = Base; path = Base.lproj/Main.storyboard; sourceTree = "<group>"; };
		1C3639DB215D043B00097C5C /* Assets.xcassets */ = {isa = PBXFileReference; lastKnownFileType = folder.assetcatalog; path = Assets.xcassets; sourceTree = "<group>"; };
		1C3639DE215D043B00097C5C /* Base */ = {isa = PBXFileReference; lastKnownFileType = file.storyboard; name = Base; path = Base.lproj/LaunchScreen.storyboard; sourceTree = "<group>"; };
		1C3639E0215D043B00097C5C /* Info.plist */ = {isa = PBXFileReference; lastKnownFileType = text.plist.xml; path = Info.plist; sourceTree = "<group>"; };
		1C3639E5215D043B00097C5C /* Point of InterestTests.xctest */ = {isa = PBXFileReference; explicitFileType = wrapper.cfbundle; includeInIndex = 0; path = "Point of InterestTests.xctest"; sourceTree = BUILT_PRODUCTS_DIR; };
		1C3639E9215D043B00097C5C /* Point_of_InterestTests.swift */ = {isa = PBXFileReference; lastKnownFileType = sourcecode.swift; path = Point_of_InterestTests.swift; sourceTree = "<group>"; };
		1C3639EB215D043B00097C5C /* Info.plist */ = {isa = PBXFileReference; lastKnownFileType = text.plist.xml; path = Info.plist; sourceTree = "<group>"; };
		1C3639F0215D043B00097C5C /* Point of InterestUITests.xctest */ = {isa = PBXFileReference; explicitFileType = wrapper.cfbundle; includeInIndex = 0; path = "Point of InterestUITests.xctest"; sourceTree = BUILT_PRODUCTS_DIR; };
		1C3639F4215D043B00097C5C /* Point_of_InterestUITests.swift */ = {isa = PBXFileReference; lastKnownFileType = sourcecode.swift; path = Point_of_InterestUITests.swift; sourceTree = "<group>"; };
		1C3639F6215D043B00097C5C /* Info.plist */ = {isa = PBXFileReference; lastKnownFileType = text.plist.xml; path = Info.plist; sourceTree = "<group>"; };
		1C363A02215D056200097C5C /* PublicArt.json */ = {isa = PBXFileReference; fileEncoding = 4; lastKnownFileType = text.json; path = PublicArt.json; sourceTree = "<group>"; };
		1C363A04215E56E100097C5C /* Artwork.swift */ = {isa = PBXFileReference; lastKnownFileType = sourcecode.swift; path = Artwork.swift; sourceTree = "<group>"; };
		1C363A06216F48A400097C5C /* README.md */ = {isa = PBXFileReference; lastKnownFileType = net.daringfireball.markdown; path = README.md; sourceTree = "<group>"; };
		221F0179AE401187DE4466E0 /* Pods-Point of InterestUITests.debug.xcconfig */ = {isa = PBXFileReference; includeInIndex = 1; lastKnownFileType = text.xcconfig; name = "Pods-Point of InterestUITests.debug.xcconfig"; path = "Pods/Target Support Files/Pods-Point of InterestUITests/Pods-Point of InterestUITests.debug.xcconfig"; sourceTree = "<group>"; };
		256AC8118C9148B0D00C3ABF /* Pods-Point of InterestUITests.release.xcconfig */ = {isa = PBXFileReference; includeInIndex = 1; lastKnownFileType = text.xcconfig; name = "Pods-Point of InterestUITests.release.xcconfig"; path = "Pods/Target Support Files/Pods-Point of InterestUITests/Pods-Point of InterestUITests.release.xcconfig"; sourceTree = "<group>"; };
		860D4A0CF7FA434FB2627A8E /* Pods-Point of Interest.release.xcconfig */ = {isa = PBXFileReference; includeInIndex = 1; lastKnownFileType = text.xcconfig; name = "Pods-Point of Interest.release.xcconfig"; path = "Pods/Target Support Files/Pods-Point of Interest/Pods-Point of Interest.release.xcconfig"; sourceTree = "<group>"; };
		937E1BF5448FCBE02E476CB7 /* Pods-Point of InterestTests.release.xcconfig */ = {isa = PBXFileReference; includeInIndex = 1; lastKnownFileType = text.xcconfig; name = "Pods-Point of InterestTests.release.xcconfig"; path = "Pods/Target Support Files/Pods-Point of InterestTests/Pods-Point of InterestTests.release.xcconfig"; sourceTree = "<group>"; };
		A33ABF7D3B6442A619A97A05 /* Pods_Point_of_InterestTests.framework */ = {isa = PBXFileReference; explicitFileType = wrapper.framework; includeInIndex = 0; path = Pods_Point_of_InterestTests.framework; sourceTree = BUILT_PRODUCTS_DIR; };
		AAA390F9B8566438B40B0DAB /* Pods-Point of InterestTests.debug.xcconfig */ = {isa = PBXFileReference; includeInIndex = 1; lastKnownFileType = text.xcconfig; name = "Pods-Point of InterestTests.debug.xcconfig"; path = "Pods/Target Support Files/Pods-Point of InterestTests/Pods-Point of InterestTests.debug.xcconfig"; sourceTree = "<group>"; };
		BBD8E3D8EC38EADAD7432D90 /* Pods_Point_of_InterestUITests.framework */ = {isa = PBXFileReference; explicitFileType = wrapper.framework; includeInIndex = 0; path = Pods_Point_of_InterestUITests.framework; sourceTree = BUILT_PRODUCTS_DIR; };
		D7341A41941E98A7E3050798 /* Pods-Point of Interest.debug.xcconfig */ = {isa = PBXFileReference; includeInIndex = 1; lastKnownFileType = text.xcconfig; name = "Pods-Point of Interest.debug.xcconfig"; path = "Pods/Target Support Files/Pods-Point of Interest/Pods-Point of Interest.debug.xcconfig"; sourceTree = "<group>"; };
/* End PBXFileReference section */

/* Begin PBXFrameworksBuildPhase section */
		1C3639CE215D043900097C5C /* Frameworks */ = {
			isa = PBXFrameworksBuildPhase;
			buildActionMask = 2147483647;
			files = (
				46297D8287AAC0012DCE1088 /* Pods_Point_of_Interest.framework in Frameworks */,
			);
			runOnlyForDeploymentPostprocessing = 0;
		};
		1C3639E2215D043B00097C5C /* Frameworks */ = {
			isa = PBXFrameworksBuildPhase;
			buildActionMask = 2147483647;
			files = (
				47DFC2D5EBDF528897C9C50D /* Pods_Point_of_InterestTests.framework in Frameworks */,
			);
			runOnlyForDeploymentPostprocessing = 0;
		};
		1C3639ED215D043B00097C5C /* Frameworks */ = {
			isa = PBXFrameworksBuildPhase;
			buildActionMask = 2147483647;
			files = (
				6440D11A75C20D6E1ED29D8C /* Pods_Point_of_InterestUITests.framework in Frameworks */,
			);
			runOnlyForDeploymentPostprocessing = 0;
		};
/* End PBXFrameworksBuildPhase section */

/* Begin PBXGroup section */
		07E6ECFE64545C610B1B6A4A /* Frameworks */ = {
			isa = PBXGroup;
			children = (
				15684DCB966272B9A275403A /* Pods_Point_of_Interest.framework */,
				A33ABF7D3B6442A619A97A05 /* Pods_Point_of_InterestTests.framework */,
				BBD8E3D8EC38EADAD7432D90 /* Pods_Point_of_InterestUITests.framework */,
			);
			name = Frameworks;
			sourceTree = "<group>";
		};
		10038C45032CA91C6A99DF4C /* Pods */ = {
			isa = PBXGroup;
			children = (
				D7341A41941E98A7E3050798 /* Pods-Point of Interest.debug.xcconfig */,
				860D4A0CF7FA434FB2627A8E /* Pods-Point of Interest.release.xcconfig */,
				AAA390F9B8566438B40B0DAB /* Pods-Point of InterestTests.debug.xcconfig */,
				937E1BF5448FCBE02E476CB7 /* Pods-Point of InterestTests.release.xcconfig */,
				221F0179AE401187DE4466E0 /* Pods-Point of InterestUITests.debug.xcconfig */,
				256AC8118C9148B0D00C3ABF /* Pods-Point of InterestUITests.release.xcconfig */,
			);
			name = Pods;
			sourceTree = "<group>";
		};
		1C2A7F27217E0ED000AB4097 /* Data Model */ = {
			isa = PBXGroup;
			children = (
				1C2A7F2A217E0F3E00AB4097 /* PointOfInterest.swift */,
				1C2A7F2C217E10AF00AB4097 /* Trip.swift */,
			);
			path = "Data Model";
			sourceTree = "<group>";
		};
		1C2A7F2E217E13BA00AB4097 /* View */ = {
			isa = PBXGroup;
			children = (
				1C3639D8215D043900097C5C /* Main.storyboard */,
			);
			path = View;
			sourceTree = "<group>";
		};
		1C2A7F2F217E142400AB4097 /* Supporting Files */ = {
			isa = PBXGroup;
			children = (
				1C3639DB215D043B00097C5C /* Assets.xcassets */,
				1C3639DD215D043B00097C5C /* LaunchScreen.storyboard */,
			);
			path = "Supporting Files";
			sourceTree = "<group>";
		};
		1C3639C8215D043900097C5C = {
			isa = PBXGroup;
			children = (
				1C363A06216F48A400097C5C /* README.md */,
				1C3639D3215D043900097C5C /* Point of Interest */,
				1C3639E8215D043B00097C5C /* Point of InterestTests */,
				1C3639F3215D043B00097C5C /* Point of InterestUITests */,
				1C3639D2215D043900097C5C /* Products */,
				10038C45032CA91C6A99DF4C /* Pods */,
				07E6ECFE64545C610B1B6A4A /* Frameworks */,
			);
			sourceTree = "<group>";
		};
		1C3639D2215D043900097C5C /* Products */ = {
			isa = PBXGroup;
			children = (
				1C3639D1215D043900097C5C /* Point of Interest.app */,
				1C3639E5215D043B00097C5C /* Point of InterestTests.xctest */,
				1C3639F0215D043B00097C5C /* Point of InterestUITests.xctest */,
			);
			name = Products;
			sourceTree = "<group>";
		};
		1C3639D3215D043900097C5C /* Point of Interest */ = {
			isa = PBXGroup;
			children = (
				1C2A7F27217E0ED000AB4097 /* Data Model */,
				1C2A7F2E217E13BA00AB4097 /* View */,
				1C363A07216F6EF800097C5C /* Controller */,
				1C2A7F2F217E142400AB4097 /* Supporting Files */,
				1C3639D4215D043900097C5C /* AppDelegate.swift */,
				1C363A02215D056200097C5C /* PublicArt.json */,
				1C3639E0215D043B00097C5C /* Info.plist */,
				1C363A04215E56E100097C5C /* Artwork.swift */,
			);
			path = "Point of Interest";
			sourceTree = "<group>";
		};
		1C3639E8215D043B00097C5C /* Point of InterestTests */ = {
			isa = PBXGroup;
			children = (
				1C3639E9215D043B00097C5C /* Point_of_InterestTests.swift */,
				1C3639EB215D043B00097C5C /* Info.plist */,
			);
			path = "Point of InterestTests";
			sourceTree = "<group>";
		};
		1C3639F3215D043B00097C5C /* Point of InterestUITests */ = {
			isa = PBXGroup;
			children = (
				1C3639F4215D043B00097C5C /* Point_of_InterestUITests.swift */,
				1C3639F6215D043B00097C5C /* Info.plist */,
			);
			path = "Point of InterestUITests";
			sourceTree = "<group>";
		};
		1C363A07216F6EF800097C5C /* Controller */ = {
			isa = PBXGroup;
			children = (
				1C3639D6215D043900097C5C /* MapViewController.swift */,
				1C2A7F23217DF23100AB4097 /* SwipableTableViewController.swift */,
				1C2A7F25217E0B6E00AB4097 /* TripTableViewController.swift */,
				1C2A7F30217E1CDB00AB4097 /* PointOfInterestTableViewController.swift */,
			);
			path = Controller;
			sourceTree = "<group>";
		};
/* End PBXGroup section */

/* Begin PBXNativeTarget section */
		1C3639D0215D043900097C5C /* Point of Interest */ = {
			isa = PBXNativeTarget;
			buildConfigurationList = 1C3639F9215D043B00097C5C /* Build configuration list for PBXNativeTarget "Point of Interest" */;
			buildPhases = (
				C96911A6ACA0591C7C00D788 /* [CP] Check Pods Manifest.lock */,
				1C3639CD215D043900097C5C /* Sources */,
				1C3639CE215D043900097C5C /* Frameworks */,
				1C3639CF215D043900097C5C /* Resources */,
				033065E4B33ED13D2B3A4BEE /* [CP] Embed Pods Frameworks */,
			);
			buildRules = (
			);
			dependencies = (
			);
			name = "Point of Interest";
			productName = "Point of Interest";
			productReference = 1C3639D1215D043900097C5C /* Point of Interest.app */;
			productType = "com.apple.product-type.application";
		};
		1C3639E4215D043B00097C5C /* Point of InterestTests */ = {
			isa = PBXNativeTarget;
			buildConfigurationList = 1C3639FC215D043B00097C5C /* Build configuration list for PBXNativeTarget "Point of InterestTests" */;
			buildPhases = (
				4AC3EC9FF1743F125442D688 /* [CP] Check Pods Manifest.lock */,
				1C3639E1215D043B00097C5C /* Sources */,
				1C3639E2215D043B00097C5C /* Frameworks */,
				1C3639E3215D043B00097C5C /* Resources */,
			);
			buildRules = (
			);
			dependencies = (
				1C3639E7215D043B00097C5C /* PBXTargetDependency */,
			);
			name = "Point of InterestTests";
			productName = "Point of InterestTests";
			productReference = 1C3639E5215D043B00097C5C /* Point of InterestTests.xctest */;
			productType = "com.apple.product-type.bundle.unit-test";
		};
		1C3639EF215D043B00097C5C /* Point of InterestUITests */ = {
			isa = PBXNativeTarget;
			buildConfigurationList = 1C3639FF215D043B00097C5C /* Build configuration list for PBXNativeTarget "Point of InterestUITests" */;
			buildPhases = (
				748213A699F0800C8450305C /* [CP] Check Pods Manifest.lock */,
				1C3639EC215D043B00097C5C /* Sources */,
				1C3639ED215D043B00097C5C /* Frameworks */,
				1C3639EE215D043B00097C5C /* Resources */,
			);
			buildRules = (
			);
			dependencies = (
				1C3639F2215D043B00097C5C /* PBXTargetDependency */,
			);
			name = "Point of InterestUITests";
			productName = "Point of InterestUITests";
			productReference = 1C3639F0215D043B00097C5C /* Point of InterestUITests.xctest */;
			productType = "com.apple.product-type.bundle.ui-testing";
		};
/* End PBXNativeTarget section */

/* Begin PBXProject section */
		1C3639C9215D043900097C5C /* Project object */ = {
			isa = PBXProject;
			attributes = {
				LastSwiftUpdateCheck = 1000;
				LastUpgradeCheck = 1000;
				ORGANIZATIONNAME = "Matej Kolimar";
				TargetAttributes = {
					1C3639D0215D043900097C5C = {
						CreatedOnToolsVersion = 10.0;
					};
					1C3639E4215D043B00097C5C = {
						CreatedOnToolsVersion = 10.0;
						TestTargetID = 1C3639D0215D043900097C5C;
					};
					1C3639EF215D043B00097C5C = {
						CreatedOnToolsVersion = 10.0;
						TestTargetID = 1C3639D0215D043900097C5C;
					};
				};
			};
			buildConfigurationList = 1C3639CC215D043900097C5C /* Build configuration list for PBXProject "Point of Interest" */;
			compatibilityVersion = "Xcode 9.3";
			developmentRegion = en;
			hasScannedForEncodings = 0;
			knownRegions = (
				en,
				Base,
			);
			mainGroup = 1C3639C8215D043900097C5C;
			productRefGroup = 1C3639D2215D043900097C5C /* Products */;
			projectDirPath = "";
			projectRoot = "";
			targets = (
				1C3639D0215D043900097C5C /* Point of Interest */,
				1C3639E4215D043B00097C5C /* Point of InterestTests */,
				1C3639EF215D043B00097C5C /* Point of InterestUITests */,
			);
		};
/* End PBXProject section */

/* Begin PBXResourcesBuildPhase section */
		1C3639CF215D043900097C5C /* Resources */ = {
			isa = PBXResourcesBuildPhase;
			buildActionMask = 2147483647;
			files = (
				1C363A03215D056200097C5C /* PublicArt.json in Resources */,
				1C3639DF215D043B00097C5C /* LaunchScreen.storyboard in Resources */,
				1C3639DC215D043B00097C5C /* Assets.xcassets in Resources */,
				1C3639DA215D043900097C5C /* Main.storyboard in Resources */,
			);
			runOnlyForDeploymentPostprocessing = 0;
		};
		1C3639E3215D043B00097C5C /* Resources */ = {
			isa = PBXResourcesBuildPhase;
			buildActionMask = 2147483647;
			files = (
			);
			runOnlyForDeploymentPostprocessing = 0;
		};
		1C3639EE215D043B00097C5C /* Resources */ = {
			isa = PBXResourcesBuildPhase;
			buildActionMask = 2147483647;
			files = (
			);
			runOnlyForDeploymentPostprocessing = 0;
		};
/* End PBXResourcesBuildPhase section */

/* Begin PBXShellScriptBuildPhase section */
		033065E4B33ED13D2B3A4BEE /* [CP] Embed Pods Frameworks */ = {
			isa = PBXShellScriptBuildPhase;
			buildActionMask = 2147483647;
			files = (
			);
			inputPaths = (
				"${SRCROOT}/Pods/Target Support Files/Pods-Point of Interest/Pods-Point of Interest-frameworks.sh",
				"${BUILT_PRODUCTS_DIR}/ChameleonFramework/ChameleonFramework.framework",
				"${BUILT_PRODUCTS_DIR}/Realm/Realm.framework",
				"${BUILT_PRODUCTS_DIR}/RealmSwift/RealmSwift.framework",
				"${BUILT_PRODUCTS_DIR}/SwipeCellKit/SwipeCellKit.framework",
			);
			name = "[CP] Embed Pods Frameworks";
			outputPaths = (
				"${TARGET_BUILD_DIR}/${FRAMEWORKS_FOLDER_PATH}/ChameleonFramework.framework",
				"${TARGET_BUILD_DIR}/${FRAMEWORKS_FOLDER_PATH}/Realm.framework",
				"${TARGET_BUILD_DIR}/${FRAMEWORKS_FOLDER_PATH}/RealmSwift.framework",
				"${TARGET_BUILD_DIR}/${FRAMEWORKS_FOLDER_PATH}/SwipeCellKit.framework",
			);
			runOnlyForDeploymentPostprocessing = 0;
			shellPath = /bin/sh;
			shellScript = "\"${SRCROOT}/Pods/Target Support Files/Pods-Point of Interest/Pods-Point of Interest-frameworks.sh\"\n";
			showEnvVarsInLog = 0;
		};
		4AC3EC9FF1743F125442D688 /* [CP] Check Pods Manifest.lock */ = {
			isa = PBXShellScriptBuildPhase;
			buildActionMask = 2147483647;
			files = (
			);
			inputPaths = (
				"${PODS_PODFILE_DIR_PATH}/Podfile.lock",
				"${PODS_ROOT}/Manifest.lock",
			);
			name = "[CP] Check Pods Manifest.lock";
			outputPaths = (
				"$(DERIVED_FILE_DIR)/Pods-Point of InterestTests-checkManifestLockResult.txt",
			);
			runOnlyForDeploymentPostprocessing = 0;
			shellPath = /bin/sh;
			shellScript = "diff \"${PODS_PODFILE_DIR_PATH}/Podfile.lock\" \"${PODS_ROOT}/Manifest.lock\" > /dev/null\nif [ $? != 0 ] ; then\n    # print error to STDERR\n    echo \"error: The sandbox is not in sync with the Podfile.lock. Run 'pod install' or update your CocoaPods installation.\" >&2\n    exit 1\nfi\n# This output is used by Xcode 'outputs' to avoid re-running this script phase.\necho \"SUCCESS\" > \"${SCRIPT_OUTPUT_FILE_0}\"\n";
			showEnvVarsInLog = 0;
		};
		748213A699F0800C8450305C /* [CP] Check Pods Manifest.lock */ = {
			isa = PBXShellScriptBuildPhase;
			buildActionMask = 2147483647;
			files = (
			);
			inputPaths = (
				"${PODS_PODFILE_DIR_PATH}/Podfile.lock",
				"${PODS_ROOT}/Manifest.lock",
			);
			name = "[CP] Check Pods Manifest.lock";
			outputPaths = (
				"$(DERIVED_FILE_DIR)/Pods-Point of InterestUITests-checkManifestLockResult.txt",
			);
			runOnlyForDeploymentPostprocessing = 0;
			shellPath = /bin/sh;
			shellScript = "diff \"${PODS_PODFILE_DIR_PATH}/Podfile.lock\" \"${PODS_ROOT}/Manifest.lock\" > /dev/null\nif [ $? != 0 ] ; then\n    # print error to STDERR\n    echo \"error: The sandbox is not in sync with the Podfile.lock. Run 'pod install' or update your CocoaPods installation.\" >&2\n    exit 1\nfi\n# This output is used by Xcode 'outputs' to avoid re-running this script phase.\necho \"SUCCESS\" > \"${SCRIPT_OUTPUT_FILE_0}\"\n";
			showEnvVarsInLog = 0;
		};
		C96911A6ACA0591C7C00D788 /* [CP] Check Pods Manifest.lock */ = {
			isa = PBXShellScriptBuildPhase;
			buildActionMask = 2147483647;
			files = (
			);
			inputPaths = (
				"${PODS_PODFILE_DIR_PATH}/Podfile.lock",
				"${PODS_ROOT}/Manifest.lock",
			);
			name = "[CP] Check Pods Manifest.lock";
			outputPaths = (
				"$(DERIVED_FILE_DIR)/Pods-Point of Interest-checkManifestLockResult.txt",
			);
			runOnlyForDeploymentPostprocessing = 0;
			shellPath = /bin/sh;
			shellScript = "diff \"${PODS_PODFILE_DIR_PATH}/Podfile.lock\" \"${PODS_ROOT}/Manifest.lock\" > /dev/null\nif [ $? != 0 ] ; then\n    # print error to STDERR\n    echo \"error: The sandbox is not in sync with the Podfile.lock. Run 'pod install' or update your CocoaPods installation.\" >&2\n    exit 1\nfi\n# This output is used by Xcode 'outputs' to avoid re-running this script phase.\necho \"SUCCESS\" > \"${SCRIPT_OUTPUT_FILE_0}\"\n";
			showEnvVarsInLog = 0;
		};
/* End PBXShellScriptBuildPhase section */

/* Begin PBXSourcesBuildPhase section */
		1C3639CD215D043900097C5C /* Sources */ = {
			isa = PBXSourcesBuildPhase;
			buildActionMask = 2147483647;
			files = (
				1C2A7F26217E0B6E00AB4097 /* TripTableViewController.swift in Sources */,
				1C2A7F2B217E0F3E00AB4097 /* PointOfInterest.swift in Sources */,
				1C3639D7215D043900097C5C /* MapViewController.swift in Sources */,
				1C363A05215E56E100097C5C /* Artwork.swift in Sources */,
				1C3639D5215D043900097C5C /* AppDelegate.swift in Sources */,
				1C2A7F2D217E10AF00AB4097 /* Trip.swift in Sources */,
				1C2A7F24217DF23100AB4097 /* SwipableTableViewController.swift in Sources */,
				1C2A7F31217E1CDB00AB4097 /* PointOfInterestTableViewController.swift in Sources */,
			);
			runOnlyForDeploymentPostprocessing = 0;
		};
		1C3639E1215D043B00097C5C /* Sources */ = {
			isa = PBXSourcesBuildPhase;
			buildActionMask = 2147483647;
			files = (
				1C3639EA215D043B00097C5C /* Point_of_InterestTests.swift in Sources */,
			);
			runOnlyForDeploymentPostprocessing = 0;
		};
		1C3639EC215D043B00097C5C /* Sources */ = {
			isa = PBXSourcesBuildPhase;
			buildActionMask = 2147483647;
			files = (
				1C3639F5215D043B00097C5C /* Point_of_InterestUITests.swift in Sources */,
			);
			runOnlyForDeploymentPostprocessing = 0;
		};
/* End PBXSourcesBuildPhase section */

/* Begin PBXTargetDependency section */
		1C3639E7215D043B00097C5C /* PBXTargetDependency */ = {
			isa = PBXTargetDependency;
			target = 1C3639D0215D043900097C5C /* Point of Interest */;
			targetProxy = 1C3639E6215D043B00097C5C /* PBXContainerItemProxy */;
		};
		1C3639F2215D043B00097C5C /* PBXTargetDependency */ = {
			isa = PBXTargetDependency;
			target = 1C3639D0215D043900097C5C /* Point of Interest */;
			targetProxy = 1C3639F1215D043B00097C5C /* PBXContainerItemProxy */;
		};
/* End PBXTargetDependency section */

/* Begin PBXVariantGroup section */
		1C3639D8215D043900097C5C /* Main.storyboard */ = {
			isa = PBXVariantGroup;
			children = (
				1C3639D9215D043900097C5C /* Base */,
			);
			name = Main.storyboard;
			sourceTree = "<group>";
		};
		1C3639DD215D043B00097C5C /* LaunchScreen.storyboard */ = {
			isa = PBXVariantGroup;
			children = (
				1C3639DE215D043B00097C5C /* Base */,
			);
			name = LaunchScreen.storyboard;
			sourceTree = "<group>";
		};
/* End PBXVariantGroup section */

/* Begin XCBuildConfiguration section */
		1C3639F7215D043B00097C5C /* Debug */ = {
			isa = XCBuildConfiguration;
			buildSettings = {
				ALWAYS_SEARCH_USER_PATHS = NO;
				CLANG_ANALYZER_NONNULL = YES;
				CLANG_ANALYZER_NUMBER_OBJECT_CONVERSION = YES_AGGRESSIVE;
				CLANG_CXX_LANGUAGE_STANDARD = "gnu++14";
				CLANG_CXX_LIBRARY = "libc++";
				CLANG_ENABLE_MODULES = YES;
				CLANG_ENABLE_OBJC_ARC = YES;
				CLANG_ENABLE_OBJC_WEAK = YES;
				CLANG_WARN_BLOCK_CAPTURE_AUTORELEASING = YES;
				CLANG_WARN_BOOL_CONVERSION = YES;
				CLANG_WARN_COMMA = YES;
				CLANG_WARN_CONSTANT_CONVERSION = YES;
				CLANG_WARN_DEPRECATED_OBJC_IMPLEMENTATIONS = YES;
				CLANG_WARN_DIRECT_OBJC_ISA_USAGE = YES_ERROR;
				CLANG_WARN_DOCUMENTATION_COMMENTS = YES;
				CLANG_WARN_EMPTY_BODY = YES;
				CLANG_WARN_ENUM_CONVERSION = YES;
				CLANG_WARN_INFINITE_RECURSION = YES;
				CLANG_WARN_INT_CONVERSION = YES;
				CLANG_WARN_NON_LITERAL_NULL_CONVERSION = YES;
				CLANG_WARN_OBJC_IMPLICIT_RETAIN_SELF = YES;
				CLANG_WARN_OBJC_LITERAL_CONVERSION = YES;
				CLANG_WARN_OBJC_ROOT_CLASS = YES_ERROR;
				CLANG_WARN_RANGE_LOOP_ANALYSIS = YES;
				CLANG_WARN_STRICT_PROTOTYPES = YES;
				CLANG_WARN_SUSPICIOUS_MOVE = YES;
				CLANG_WARN_UNGUARDED_AVAILABILITY = YES_AGGRESSIVE;
				CLANG_WARN_UNREACHABLE_CODE = YES;
				CLANG_WARN__DUPLICATE_METHOD_MATCH = YES;
				CODE_SIGN_IDENTITY = "iPhone Developer";
				COPY_PHASE_STRIP = NO;
				DEBUG_INFORMATION_FORMAT = dwarf;
				ENABLE_STRICT_OBJC_MSGSEND = YES;
				ENABLE_TESTABILITY = YES;
				GCC_C_LANGUAGE_STANDARD = gnu11;
				GCC_DYNAMIC_NO_PIC = NO;
				GCC_NO_COMMON_BLOCKS = YES;
				GCC_OPTIMIZATION_LEVEL = 0;
				GCC_PREPROCESSOR_DEFINITIONS = (
					"DEBUG=1",
					"$(inherited)",
				);
				GCC_WARN_64_TO_32_BIT_CONVERSION = YES;
				GCC_WARN_ABOUT_RETURN_TYPE = YES_ERROR;
				GCC_WARN_UNDECLARED_SELECTOR = YES;
				GCC_WARN_UNINITIALIZED_AUTOS = YES_AGGRESSIVE;
				GCC_WARN_UNUSED_FUNCTION = YES;
				GCC_WARN_UNUSED_VARIABLE = YES;
				IPHONEOS_DEPLOYMENT_TARGET = 12.0;
				MTL_ENABLE_DEBUG_INFO = INCLUDE_SOURCE;
				MTL_FAST_MATH = YES;
				ONLY_ACTIVE_ARCH = YES;
				SDKROOT = iphoneos;
				SWIFT_ACTIVE_COMPILATION_CONDITIONS = DEBUG;
				SWIFT_OPTIMIZATION_LEVEL = "-Onone";
			};
			name = Debug;
		};
		1C3639F8215D043B00097C5C /* Release */ = {
			isa = XCBuildConfiguration;
			buildSettings = {
				ALWAYS_SEARCH_USER_PATHS = NO;
				CLANG_ANALYZER_NONNULL = YES;
				CLANG_ANALYZER_NUMBER_OBJECT_CONVERSION = YES_AGGRESSIVE;
				CLANG_CXX_LANGUAGE_STANDARD = "gnu++14";
				CLANG_CXX_LIBRARY = "libc++";
				CLANG_ENABLE_MODULES = YES;
				CLANG_ENABLE_OBJC_ARC = YES;
				CLANG_ENABLE_OBJC_WEAK = YES;
				CLANG_WARN_BLOCK_CAPTURE_AUTORELEASING = YES;
				CLANG_WARN_BOOL_CONVERSION = YES;
				CLANG_WARN_COMMA = YES;
				CLANG_WARN_CONSTANT_CONVERSION = YES;
				CLANG_WARN_DEPRECATED_OBJC_IMPLEMENTATIONS = YES;
				CLANG_WARN_DIRECT_OBJC_ISA_USAGE = YES_ERROR;
				CLANG_WARN_DOCUMENTATION_COMMENTS = YES;
				CLANG_WARN_EMPTY_BODY = YES;
				CLANG_WARN_ENUM_CONVERSION = YES;
				CLANG_WARN_INFINITE_RECURSION = YES;
				CLANG_WARN_INT_CONVERSION = YES;
				CLANG_WARN_NON_LITERAL_NULL_CONVERSION = YES;
				CLANG_WARN_OBJC_IMPLICIT_RETAIN_SELF = YES;
				CLANG_WARN_OBJC_LITERAL_CONVERSION = YES;
				CLANG_WARN_OBJC_ROOT_CLASS = YES_ERROR;
				CLANG_WARN_RANGE_LOOP_ANALYSIS = YES;
				CLANG_WARN_STRICT_PROTOTYPES = YES;
				CLANG_WARN_SUSPICIOUS_MOVE = YES;
				CLANG_WARN_UNGUARDED_AVAILABILITY = YES_AGGRESSIVE;
				CLANG_WARN_UNREACHABLE_CODE = YES;
				CLANG_WARN__DUPLICATE_METHOD_MATCH = YES;
				CODE_SIGN_IDENTITY = "iPhone Developer";
				COPY_PHASE_STRIP = NO;
				DEBUG_INFORMATION_FORMAT = "dwarf-with-dsym";
				ENABLE_NS_ASSERTIONS = NO;
				ENABLE_STRICT_OBJC_MSGSEND = YES;
				GCC_C_LANGUAGE_STANDARD = gnu11;
				GCC_NO_COMMON_BLOCKS = YES;
				GCC_WARN_64_TO_32_BIT_CONVERSION = YES;
				GCC_WARN_ABOUT_RETURN_TYPE = YES_ERROR;
				GCC_WARN_UNDECLARED_SELECTOR = YES;
				GCC_WARN_UNINITIALIZED_AUTOS = YES_AGGRESSIVE;
				GCC_WARN_UNUSED_FUNCTION = YES;
				GCC_WARN_UNUSED_VARIABLE = YES;
				IPHONEOS_DEPLOYMENT_TARGET = 12.0;
				MTL_ENABLE_DEBUG_INFO = NO;
				MTL_FAST_MATH = YES;
				SDKROOT = iphoneos;
				SWIFT_COMPILATION_MODE = wholemodule;
				SWIFT_OPTIMIZATION_LEVEL = "-O";
				VALIDATE_PRODUCT = YES;
			};
			name = Release;
		};
		1C3639FA215D043B00097C5C /* Debug */ = {
			isa = XCBuildConfiguration;
			baseConfigurationReference = D7341A41941E98A7E3050798 /* Pods-Point of Interest.debug.xcconfig */;
			buildSettings = {
				ASSETCATALOG_COMPILER_APPICON_NAME = AppIcon;
				CODE_SIGN_STYLE = Automatic;
				DEVELOPMENT_TEAM = 54H4Q2P2X4;
				INFOPLIST_FILE = "Point of Interest/Info.plist";
				LD_RUNPATH_SEARCH_PATHS = (
					"$(inherited)",
					"@executable_path/Frameworks",
				);
				PRODUCT_BUNDLE_IDENTIFIER = "com.kolimar.matej.Point-of-Interest";
				PRODUCT_NAME = "$(TARGET_NAME)";
				SWIFT_VERSION = 4.2;
				TARGETED_DEVICE_FAMILY = 1;
			};
			name = Debug;
		};
		1C3639FB215D043B00097C5C /* Release */ = {
			isa = XCBuildConfiguration;
			baseConfigurationReference = 860D4A0CF7FA434FB2627A8E /* Pods-Point of Interest.release.xcconfig */;
			buildSettings = {
				ASSETCATALOG_COMPILER_APPICON_NAME = AppIcon;
				CODE_SIGN_STYLE = Automatic;
				DEVELOPMENT_TEAM = 54H4Q2P2X4;
				INFOPLIST_FILE = "Point of Interest/Info.plist";
				LD_RUNPATH_SEARCH_PATHS = (
					"$(inherited)",
					"@executable_path/Frameworks",
				);
				PRODUCT_BUNDLE_IDENTIFIER = "com.kolimar.matej.Point-of-Interest";
				PRODUCT_NAME = "$(TARGET_NAME)";
				SWIFT_VERSION = 4.2;
				TARGETED_DEVICE_FAMILY = 1;
			};
			name = Release;
		};
		1C3639FD215D043B00097C5C /* Debug */ = {
			isa = XCBuildConfiguration;
			baseConfigurationReference = AAA390F9B8566438B40B0DAB /* Pods-Point of InterestTests.debug.xcconfig */;
			buildSettings = {
				ALWAYS_EMBED_SWIFT_STANDARD_LIBRARIES = YES;
				BUNDLE_LOADER = "$(TEST_HOST)";
				CODE_SIGN_STYLE = Automatic;
				DEVELOPMENT_TEAM = 54H4Q2P2X4;
				INFOPLIST_FILE = "Point of InterestTests/Info.plist";
				LD_RUNPATH_SEARCH_PATHS = (
					"$(inherited)",
					"@executable_path/Frameworks",
					"@loader_path/Frameworks",
				);
				PRODUCT_BUNDLE_IDENTIFIER = "com.kolimar.matej.Point-of-InterestTests";
				PRODUCT_NAME = "$(TARGET_NAME)";
				SWIFT_VERSION = 4.2;
				TARGETED_DEVICE_FAMILY = "1,2";
				TEST_HOST = "$(BUILT_PRODUCTS_DIR)/Point of Interest.app/Point of Interest";
			};
			name = Debug;
		};
		1C3639FE215D043B00097C5C /* Release */ = {
			isa = XCBuildConfiguration;
			baseConfigurationReference = 937E1BF5448FCBE02E476CB7 /* Pods-Point of InterestTests.release.xcconfig */;
			buildSettings = {
				ALWAYS_EMBED_SWIFT_STANDARD_LIBRARIES = YES;
				BUNDLE_LOADER = "$(TEST_HOST)";
				CODE_SIGN_STYLE = Automatic;
				DEVELOPMENT_TEAM = 54H4Q2P2X4;
				INFOPLIST_FILE = "Point of InterestTests/Info.plist";
				LD_RUNPATH_SEARCH_PATHS = (
					"$(inherited)",
					"@executable_path/Frameworks",
					"@loader_path/Frameworks",
				);
				PRODUCT_BUNDLE_IDENTIFIER = "com.kolimar.matej.Point-of-InterestTests";
				PRODUCT_NAME = "$(TARGET_NAME)";
				SWIFT_VERSION = 4.2;
				TARGETED_DEVICE_FAMILY = "1,2";
				TEST_HOST = "$(BUILT_PRODUCTS_DIR)/Point of Interest.app/Point of Interest";
			};
			name = Release;
		};
		1C363A00215D043B00097C5C /* Debug */ = {
			isa = XCBuildConfiguration;
			baseConfigurationReference = 221F0179AE401187DE4466E0 /* Pods-Point of InterestUITests.debug.xcconfig */;
			buildSettings = {
				ALWAYS_EMBED_SWIFT_STANDARD_LIBRARIES = YES;
				CODE_SIGN_STYLE = Automatic;
				DEVELOPMENT_TEAM = 54H4Q2P2X4;
				INFOPLIST_FILE = "Point of InterestUITests/Info.plist";
				LD_RUNPATH_SEARCH_PATHS = (
					"$(inherited)",
					"@executable_path/Frameworks",
					"@loader_path/Frameworks",
				);
				PRODUCT_BUNDLE_IDENTIFIER = "com.kolimar.matej.Point-of-InterestUITests";
				PRODUCT_NAME = "$(TARGET_NAME)";
				SWIFT_VERSION = 4.2;
				TARGETED_DEVICE_FAMILY = "1,2";
				TEST_TARGET_NAME = "Point of Interest";
			};
			name = Debug;
		};
		1C363A01215D043B00097C5C /* Release */ = {
			isa = XCBuildConfiguration;
			baseConfigurationReference = 256AC8118C9148B0D00C3ABF /* Pods-Point of InterestUITests.release.xcconfig */;
			buildSettings = {
				ALWAYS_EMBED_SWIFT_STANDARD_LIBRARIES = YES;
				CODE_SIGN_STYLE = Automatic;
				DEVELOPMENT_TEAM = 54H4Q2P2X4;
				INFOPLIST_FILE = "Point of InterestUITests/Info.plist";
				LD_RUNPATH_SEARCH_PATHS = (
					"$(inherited)",
					"@executable_path/Frameworks",
					"@loader_path/Frameworks",
				);
				PRODUCT_BUNDLE_IDENTIFIER = "com.kolimar.matej.Point-of-InterestUITests";
				PRODUCT_NAME = "$(TARGET_NAME)";
				SWIFT_VERSION = 4.2;
				TARGETED_DEVICE_FAMILY = "1,2";
				TEST_TARGET_NAME = "Point of Interest";
			};
			name = Release;
		};
/* End XCBuildConfiguration section */

/* Begin XCConfigurationList section */
		1C3639CC215D043900097C5C /* Build configuration list for PBXProject "Point of Interest" */ = {
			isa = XCConfigurationList;
			buildConfigurations = (
				1C3639F7215D043B00097C5C /* Debug */,
				1C3639F8215D043B00097C5C /* Release */,
			);
			defaultConfigurationIsVisible = 0;
			defaultConfigurationName = Release;
		};
		1C3639F9215D043B00097C5C /* Build configuration list for PBXNativeTarget "Point of Interest" */ = {
			isa = XCConfigurationList;
			buildConfigurations = (
				1C3639FA215D043B00097C5C /* Debug */,
				1C3639FB215D043B00097C5C /* Release */,
			);
			defaultConfigurationIsVisible = 0;
			defaultConfigurationName = Release;
		};
		1C3639FC215D043B00097C5C /* Build configuration list for PBXNativeTarget "Point of InterestTests" */ = {
			isa = XCConfigurationList;
			buildConfigurations = (
				1C3639FD215D043B00097C5C /* Debug */,
				1C3639FE215D043B00097C5C /* Release */,
			);
			defaultConfigurationIsVisible = 0;
			defaultConfigurationName = Release;
		};
		1C3639FF215D043B00097C5C /* Build configuration list for PBXNativeTarget "Point of InterestUITests" */ = {
			isa = XCConfigurationList;
			buildConfigurations = (
				1C363A00215D043B00097C5C /* Debug */,
				1C363A01215D043B00097C5C /* Release */,
			);
			defaultConfigurationIsVisible = 0;
			defaultConfigurationName = Release;
		};
/* End XCConfigurationList section */
	};
	rootObject = 1C3639C9215D043900097C5C /* Project object */;
}
